
Microsoft Visual Studio Solution File, Format Version 12.00
# Visual Studio Version 16
VisualStudioVersion = 16.0.32413.511
MinimumVisualStudioVersion = 10.0.40219.1
Project("{2150E333-8FDC-42A3-9474-1A3956D46DE8}") = "01_TestesDeUnidade", "01_TestesDeUnidade", "{14A880E0-C8F8-4096-B764-51CD83194ED1}"
EndProject
Project("{2150E333-8FDC-42A3-9474-1A3956D46DE8}") = "11_TestesBasicos", "11_TestesBasicos", "{46CEB6B2-E8A7-4F81-AE72-058F3C3FEEBA}"
EndProject
Project("{9A19103F-16F7-4668-BE54-9A1E7A4F7556}") = "Demo", "TesteDeUnidade\Demo\Demo.csproj", "{3AC42620-1C44-46B8-8DDE-5A702F9E8930}"
EndProject
Project("{9A19103F-16F7-4668-BE54-9A1E7A4F7556}") = "Demo.Tests", "TesteDeUnidade\Demo.Tests\Demo.Tests.csproj", "{FB2886F2-3006-4206-9333-6AF322D5753F}"
EndProject
Project("{2150E333-8FDC-42A3-9474-1A3956D46DE8}") = "12_Features", "12_Features", "{1FC08519-227B-4DB1-AF32-45F349DB55D7}"
EndProject
Project("{FAE04EC0-301F-11D3-BF4B-00C04F79EFBC}") = "Features", "TesteDeUnidade\Features\Features.csproj", "{E7C39FD9-66E1-40A6-BE70-80DA7B6A9213}"
EndProject
Project("{FAE04EC0-301F-11D3-BF4B-00C04F79EFBC}") = "Features.Tests", "TesteDeUnidade\Features.Tests\Features.Tests.csproj", "{44C4637B-97A2-44E7-901A-FC7DDBFCF100}"
EndProject
Global
	GlobalSection(SolutionConfigurationPlatforms) = preSolution
		Debug|Any CPU = Debug|Any CPU
		Release|Any CPU = Release|Any CPU
	EndGlobalSection
	GlobalSection(ProjectConfigurationPlatforms) = postSolution
		{3AC42620-1C44-46B8-8DDE-5A702F9E8930}.Debug|Any CPU.ActiveCfg = Debug|Any CPU
		{3AC42620-1C44-46B8-8DDE-5A702F9E8930}.Debug|Any CPU.Build.0 = Debug|Any CPU
		{3AC42620-1C44-46B8-8DDE-5A702F9E8930}.Release|Any CPU.ActiveCfg = Release|Any CPU
		{3AC42620-1C44-46B8-8DDE-5A702F9E8930}.Release|Any CPU.Build.0 = Release|Any CPU
		{FB2886F2-3006-4206-9333-6AF322D5753F}.Debug|Any CPU.ActiveCfg = Debug|Any CPU
		{FB2886F2-3006-4206-9333-6AF322D5753F}.Debug|Any CPU.Build.0 = Debug|Any CPU
		{FB2886F2-3006-4206-9333-6AF322D5753F}.Release|Any CPU.ActiveCfg = Release|Any CPU
		{FB2886F2-3006-4206-9333-6AF322D5753F}.Release|Any CPU.Build.0 = Release|Any CPU
		{E7C39FD9-66E1-40A6-BE70-80DA7B6A9213}.Debug|Any CPU.ActiveCfg = Debug|Any CPU
		{E7C39FD9-66E1-40A6-BE70-80DA7B6A9213}.Debug|Any CPU.Build.0 = Debug|Any CPU
		{E7C39FD9-66E1-40A6-BE70-80DA7B6A9213}.Release|Any CPU.ActiveCfg = Release|Any CPU
		{E7C39FD9-66E1-40A6-BE70-80DA7B6A9213}.Release|Any CPU.Build.0 = Release|Any CPU
		{44C4637B-97A2-44E7-901A-FC7DDBFCF100}.Debug|Any CPU.ActiveCfg = Debug|Any CPU
		{44C4637B-97A2-44E7-901A-FC7DDBFCF100}.Debug|Any CPU.Build.0 = Debug|Any CPU
		{44C4637B-97A2-44E7-901A-FC7DDBFCF100}.Release|Any CPU.ActiveCfg = Release|Any CPU
		{44C4637B-97A2-44E7-901A-FC7DDBFCF100}.Release|Any CPU.Build.0 = Release|Any CPU
	EndGlobalSection
	GlobalSection(SolutionProperties) = preSolution
		HideSolutionNode = FALSE
	EndGlobalSection
	GlobalSection(NestedProjects) = preSolution
		{46CEB6B2-E8A7-4F81-AE72-058F3C3FEEBA} = {14A880E0-C8F8-4096-B764-51CD83194ED1}
		{3AC42620-1C44-46B8-8DDE-5A702F9E8930} = {46CEB6B2-E8A7-4F81-AE72-058F3C3FEEBA}
		{FB2886F2-3006-4206-9333-6AF322D5753F} = {46CEB6B2-E8A7-4F81-AE72-058F3C3FEEBA}
		{1FC08519-227B-4DB1-AF32-45F349DB55D7} = {14A880E0-C8F8-4096-B764-51CD83194ED1}
		{E7C39FD9-66E1-40A6-BE70-80DA7B6A9213} = {1FC08519-227B-4DB1-AF32-45F349DB55D7}
		{44C4637B-97A2-44E7-901A-FC7DDBFCF100} = {1FC08519-227B-4DB1-AF32-45F349DB55D7}
	EndGlobalSection
	GlobalSection(ExtensibilityGlobals) = postSolution
		SolutionGuid = {5176257E-4839-429A-817D-D54220525B3F}
	EndGlobalSection
EndGlobal
